<?xml version="1.0" encoding="utf-8"?>
<Project ToolsVersion="4.0" xmlns="http://schemas.microsoft.com/developer/msbuild/2003">
  <ItemGroup>
    <Filter Include="inc">
      <UniqueIdentifier>{93995380-89BD-4b04-88EB-625FBE52EBFB}</UniqueIdentifier>
      <Extensions>h;hh;hpp;hxx;hm;inl;inc;xsd</Extensions>
    </Filter>
    <Filter Include="inc\audio">
      <UniqueIdentifier>{85160cfe-28a6-4531-ac66-95a1f6af2972}</UniqueIdentifier>
    </Filter>
    <Filter Include="src">
      <UniqueIdentifier>{4FC737F1-C7A5-4376-A066-2A32D752A2FF}</UniqueIdentifier>
      <Extensions>cpp;c;cc;cxx;def;odl;idl;hpj;bat;asm;asmx</Extensions>
    </Filter>
    <Filter Include="inc\push">
      <UniqueIdentifier>{d8b10c1f-4942-46c1-90e3-06e86cbf038a}</UniqueIdentifier>
    </Filter>
    <Filter Include="inc\video">
      <UniqueIdentifier>{d7bb8d80-57b7-4641-8ca5-705139231c07}</UniqueIdentifier>
    </Filter>
    <Filter Include="src\audio">
      <UniqueIdentifier>{eda4d18c-fa8a-4101-a2fc-9c3ef28b7324}</UniqueIdentifier>
    </Filter>
    <Filter Include="src\push">
      <UniqueIdentifier>{a1b16db9-6f45-4aa1-8068-2c0cfc33d93d}</UniqueIdentifier>
    </Filter>
    <Filter Include="src\video">
      <UniqueIdentifier>{60d3e52b-eaf2-4064-9a25-f1e00a6da894}</UniqueIdentifier>
    </Filter>
  </ItemGroup>
  <ItemGroup>
    <ClInclude Include="inc\audio\aac.h">
      <Filter>inc\audio</Filter>
    </ClInclude>
    <ClInclude Include="inc\audio\audio.h">
      <Filter>inc\audio</Filter>
    </ClInclude>
    <ClInclude Include="inc\audio\mic.h">
      <Filter>inc\audio</Filter>
    </ClInclude>
    <ClInclude Include="inc\video\desktop.h">
      <Filter>inc\video</Filter>
    </ClInclude>
    <ClInclude Include="inc\video\encoder.h">
      <Filter>inc\video</Filter>
    </ClInclude>
    <ClInclude Include="inc\video\externCamera.h">
      <Filter>inc\video</Filter>
    </ClInclude>
    <ClInclude Include="inc\video\interCamera.h">
      <Filter>inc\video</Filter>
    </ClInclude>
    <ClInclude Include="inc\video\video.h">
      <Filter>inc\video</Filter>
    </ClInclude>
    <ClInclude Include="inc\video\videoDevice.h">
      <Filter>inc\video</Filter>
    </ClInclude>
    <ClInclude Include="inc\video\yuv2bmp.h">
      <Filter>inc\video</Filter>
    </ClInclude>
    <ClInclude Include="inc\video\yuvZoom.h">
      <Filter>inc\video</Filter>
    </ClInclude>
    <ClInclude Include="inc\push\push.h">
      <Filter>inc\push</Filter>
    </ClInclude>
    <ClInclude Include="inc\push\pushConstPara.h">
      <Filter>inc\push</Filter>
    </ClInclude>
    <ClInclude Include="inc\common.h">
      <Filter>inc</Filter>
    </ClInclude>
    <ClInclude Include="inc\getDeviceName.h">
      <Filter>inc</Filter>
    </ClInclude>
    <ClInclude Include="inc\media.h">
      <Filter>inc</Filter>
    </ClInclude>
    <ClInclude Include="inc\mediaInterface.h">
      <Filter>inc</Filter>
    </ClInclude>
  </ItemGroup>
  <ItemGroup>
    <ClCompile Include="src\audio\aac.cpp">
      <Filter>src\audio</Filter>
    </ClCompile>
    <ClCompile Include="src\audio\audio.cpp">
      <Filter>src\audio</Filter>
    </ClCompile>
    <ClCompile Include="src\audio\mic.cpp">
      <Filter>src\audio</Filter>
    </ClCompile>
    <ClCompile Include="src\video\desktop.cpp">
      <Filter>src\video</Filter>
    </ClCompile>
    <ClCompile Include="src\video\encoder.cpp">
      <Filter>src\video</Filter>
    </ClCompile>
    <ClCompile Include="src\video\externCamera.cpp">
      <Filter>src\video</Filter>
    </ClCompile>
    <ClCompile Include="src\video\interCamera.cpp">
      <Filter>src\video</Filter>
    </ClCompile>
    <ClCompile Include="src\video\video.cpp">
      <Filter>src\video</Filter>
    </ClCompile>
    <ClCompile Include="src\video\videoDevice.cpp">
      <Filter>src\video</Filter>
    </ClCompile>
    <ClCompile Include="src\video\yuv2bmp.cpp">
      <Filter>src\video</Filter>
    </ClCompile>
    <ClCompile Include="src\video\yuvZoom.cpp">
      <Filter>src\video</Filter>
    </ClCompile>
    <ClCompile Include="src\push\push.cpp">
      <Filter>src\push</Filter>
    </ClCompile>
    <ClCompile Include="src\push\pushConstPara.cpp">
      <Filter>src\push</Filter>
    </ClCompile>
    <ClCompile Include="src\common.cpp">
      <Filter>src</Filter>
    </ClCompile>
    <ClCompile Include="src\getDeviceName.cpp">
      <Filter>src</Filter>
    </ClCompile>
    <ClCompile Include="src\media.cpp">
      <Filter>src</Filter>
    </ClCompile>
    <ClCompile Include="src\mediaInterface.cpp">
      <Filter>src</Filter>
    </ClCompile>
  </ItemGroup>
</Project>