
Microsoft Visual Studio Solution File, Format Version 12.00
# Visual Studio 14
VisualStudioVersion = 14.0.25420.1
MinimumVisualStudioVersion = 10.0.40219.1
Project("{FAE04EC0-301F-11D3-BF4B-00C04F79EFBC}") = "TeacherClient", "TeacherClient\TeacherClient.csproj", "{0E2745D3-E6E6-4E1E-952B-C7617C0C978F}"
EndProject
Project("{FAE04EC0-301F-11D3-BF4B-00C04F79EFBC}") = "TeacherClient.Core", "TeacherClient.Core\TeacherClient.Core.csproj", "{4121EE90-8C88-44F7-9F43-852C8210B8C0}"
EndProject
Project("{FAE04EC0-301F-11D3-BF4B-00C04F79EFBC}") = "TeacherClient.Contract", "TeacherClient.Contract\TeacherClient.Contract.csproj", "{D5F4864B-E401-40CA-9002-F0F096B939C4}"
EndProject
Project("{FAE04EC0-301F-11D3-BF4B-00C04F79EFBC}") = "aliyun-oss-sdk", "..\..\..\..\aliyun_oss_dotnet_sdk_2_7_0\src\aliyun-oss-sdk.csproj", "{67BDC800-084C-4F84-8A80-661B5AFE499A}"
EndProject
Global
	GlobalSection(SolutionConfigurationPlatforms) = preSolution
		Debug|Any CPU = Debug|Any CPU
		Release|Any CPU = Release|Any CPU
	EndGlobalSection
	GlobalSection(ProjectConfigurationPlatforms) = postSolution
		{0E2745D3-E6E6-4E1E-952B-C7617C0C978F}.Debug|Any CPU.ActiveCfg = Debug|Any CPU
		{0E2745D3-E6E6-4E1E-952B-C7617C0C978F}.Debug|Any CPU.Build.0 = Debug|Any CPU
		{0E2745D3-E6E6-4E1E-952B-C7617C0C978F}.Release|Any CPU.ActiveCfg = Release|Any CPU
		{0E2745D3-E6E6-4E1E-952B-C7617C0C978F}.Release|Any CPU.Build.0 = Release|Any CPU
		{4121EE90-8C88-44F7-9F43-852C8210B8C0}.Debug|Any CPU.ActiveCfg = Debug|Any CPU
		{4121EE90-8C88-44F7-9F43-852C8210B8C0}.Debug|Any CPU.Build.0 = Debug|Any CPU
		{4121EE90-8C88-44F7-9F43-852C8210B8C0}.Release|Any CPU.ActiveCfg = Release|Any CPU
		{4121EE90-8C88-44F7-9F43-852C8210B8C0}.Release|Any CPU.Build.0 = Release|Any CPU
		{D5F4864B-E401-40CA-9002-F0F096B939C4}.Debug|Any CPU.ActiveCfg = Debug|Any CPU
		{D5F4864B-E401-40CA-9002-F0F096B939C4}.Debug|Any CPU.Build.0 = Debug|Any CPU
		{D5F4864B-E401-40CA-9002-F0F096B939C4}.Release|Any CPU.ActiveCfg = Release|Any CPU
		{D5F4864B-E401-40CA-9002-F0F096B939C4}.Release|Any CPU.Build.0 = Release|Any CPU
		{67BDC800-084C-4F84-8A80-661B5AFE499A}.Debug|Any CPU.ActiveCfg = Debug|Any CPU
		{67BDC800-084C-4F84-8A80-661B5AFE499A}.Debug|Any CPU.Build.0 = Debug|Any CPU
		{67BDC800-084C-4F84-8A80-661B5AFE499A}.Release|Any CPU.ActiveCfg = Release|Any CPU
		{67BDC800-084C-4F84-8A80-661B5AFE499A}.Release|Any CPU.Build.0 = Release|Any CPU
	EndGlobalSection
	GlobalSection(SolutionProperties) = preSolution
		HideSolutionNode = FALSE
	EndGlobalSection
EndGlobal
